
Microsoft Visual Studio Solution File, Format Version 12.00
# Visual Studio Version 17
VisualStudioVersion = 17.8.34322.80
MinimumVisualStudioVersion = 10.0.40219.1
Project("{FAE04EC0-301F-11D3-BF4B-00C04F79EFBC}") = "DooghAbali", "DooghAbali.csproj", "{F1D7F636-7379-4FF0-B6CB-B3EA215BF549}"
EndProject
Global
	GlobalSection(SolutionConfigurationPlatforms) = preSolution
		Debug|Any CPU = Debug|Any CPU
		Release|Any CPU = Release|Any CPU
	EndGlobalSection
	GlobalSection(ProjectConfigurationPlatforms) = postSolution
		{F1D7F636-7379-4FF0-B6CB-B3EA215BF549}.Debug|Any CPU.ActiveCfg = Debug|Any CPU
		{F1D7F636-7379-4FF0-B6CB-B3EA215BF549}.Debug|Any CPU.Build.0 = Debug|Any CPU
		{F1D7F636-7379-4FF0-B6CB-B3EA215BF549}.Release|Any CPU.ActiveCfg = Release|Any CPU
		{F1D7F636-7379-4FF0-B6CB-B3EA215BF549}.Release|Any CPU.Build.0 = Release|Any CPU
	EndGlobalSection
	GlobalSection(SolutionProperties) = preSolution
		HideSolutionNode = FALSE
	EndGlobalSection
	GlobalSection(ExtensibilityGlobals) = postSolution
		SolutionGuid = {AA750009-1003-4AB4-954A-184CDD86E239}
	EndGlobalSection
EndGlobal
